
Microsoft Visual Studio Solution File, Format Version 12.00
# Visual Studio Version 17
VisualStudioVersion = 17.2.32516.85
MinimumVisualStudioVersion = 10.0.40219.1
Project("{FAE04EC0-301F-11D3-BF4B-00C04F79EFBC}") = "PercolationRecursivo", "PercolationRecursivo\PercolationRecursivo.csproj", "{632629C2-F1E1-452E-80E8-D952CFC0EC45}"
EndProject
Global
	GlobalSection(SolutionConfigurationPlatforms) = preSolution
		Debug|Any CPU = Debug|Any CPU
		Release|Any CPU = Release|Any CPU
	EndGlobalSection
	GlobalSection(ProjectConfigurationPlatforms) = postSolution
		{632629C2-F1E1-452E-80E8-D952CFC0EC45}.Debug|Any CPU.ActiveCfg = Debug|Any CPU
		{632629C2-F1E1-452E-80E8-D952CFC0EC45}.Debug|Any CPU.Build.0 = Debug|Any CPU
		{632629C2-F1E1-452E-80E8-D952CFC0EC45}.Release|Any CPU.ActiveCfg = Release|Any CPU
		{632629C2-F1E1-452E-80E8-D952CFC0EC45}.Release|Any CPU.Build.0 = Release|Any CPU
	EndGlobalSection
	GlobalSection(SolutionProperties) = preSolution
		HideSolutionNode = FALSE
	EndGlobalSection
	GlobalSection(ExtensibilityGlobals) = postSolution
		SolutionGuid = {AA37DAB4-76B9-437A-A4A7-4C9385BE9B92}
	EndGlobalSection
EndGlobal
